
Microsoft Visual Studio Solution File, Format Version 12.00
# Visual Studio 15
VisualStudioVersion = 15.0.28010.2050
MinimumVisualStudioVersion = 10.0.40219.1
Project("{FAE04EC0-301F-11D3-BF4B-00C04F79EFBC}") = "lab", "lab\lab.csproj", "{9F8A6920-4D24-45E4-820F-C430DABDDCDC}"
EndProject
Global
	GlobalSection(SolutionConfigurationPlatforms) = preSolution
		Debug|Any CPU = Debug|Any CPU
		Release|Any CPU = Release|Any CPU
	EndGlobalSection
	GlobalSection(ProjectConfigurationPlatforms) = postSolution
		{9F8A6920-4D24-45E4-820F-C430DABDDCDC}.Debug|Any CPU.ActiveCfg = Debug|Any CPU
		{9F8A6920-4D24-45E4-820F-C430DABDDCDC}.Debug|Any CPU.Build.0 = Debug|Any CPU
		{9F8A6920-4D24-45E4-820F-C430DABDDCDC}.Release|Any CPU.ActiveCfg = Release|Any CPU
		{9F8A6920-4D24-45E4-820F-C430DABDDCDC}.Release|Any CPU.Build.0 = Release|Any CPU
	EndGlobalSection
	GlobalSection(SolutionProperties) = preSolution
		HideSolutionNode = FALSE
	EndGlobalSection
	GlobalSection(ExtensibilityGlobals) = postSolution
		SolutionGuid = {0F4E74F8-2F5E-416F-8CAB-3ED32A2FF6D9}
	EndGlobalSection
EndGlobal
